
Microsoft Visual Studio Solution File, Format Version 12.00
# Visual Studio 15
VisualStudioVersion = 15.0.28010.2036
MinimumVisualStudioVersion = 10.0.40219.1
Project("{FAE04EC0-301F-11D3-BF4B-00C04F79EFBC}") = "DockerVSTest", "DockerVSTest\DockerVSTest.csproj", "{C5E42583-67BA-4A89-BFC6-701DE023E009}"
EndProject
Project("{E53339B2-1760-4266-BCC7-CA923CBCF16C}") = "docker-compose", "docker-compose.dcproj", "{9F679620-6062-4276-BC50-382B06F3611C}"
EndProject
Global
	GlobalSection(SolutionConfigurationPlatforms) = preSolution
		Debug|Any CPU = Debug|Any CPU
		Release|Any CPU = Release|Any CPU
	EndGlobalSection
	GlobalSection(ProjectConfigurationPlatforms) = postSolution
		{C5E42583-67BA-4A89-BFC6-701DE023E009}.Debug|Any CPU.ActiveCfg = Debug|Any CPU
		{C5E42583-67BA-4A89-BFC6-701DE023E009}.Debug|Any CPU.Build.0 = Debug|Any CPU
		{C5E42583-67BA-4A89-BFC6-701DE023E009}.Release|Any CPU.ActiveCfg = Release|Any CPU
		{C5E42583-67BA-4A89-BFC6-701DE023E009}.Release|Any CPU.Build.0 = Release|Any CPU
		{9F679620-6062-4276-BC50-382B06F3611C}.Debug|Any CPU.ActiveCfg = Debug|Any CPU
		{9F679620-6062-4276-BC50-382B06F3611C}.Debug|Any CPU.Build.0 = Debug|Any CPU
		{9F679620-6062-4276-BC50-382B06F3611C}.Release|Any CPU.ActiveCfg = Release|Any CPU
		{9F679620-6062-4276-BC50-382B06F3611C}.Release|Any CPU.Build.0 = Release|Any CPU
	EndGlobalSection
	GlobalSection(SolutionProperties) = preSolution
		HideSolutionNode = FALSE
	EndGlobalSection
	GlobalSection(ExtensibilityGlobals) = postSolution
		SolutionGuid = {E791DB29-BA26-4A27-B6C3-7C104F7BDC0E}
	EndGlobalSection
EndGlobal
